
Microsoft Visual Studio Solution File, Format Version 10.00
# Visual Studio 2008
Project("{8BC9CEB8-8B4A-11D0-8D11-00A0C91BC942}") = "BatteryLog", "BatteryLog.vcproj", "{656954EB-49A9-42ED-9FC1-8230E76A3873}"
EndProject
Global
	GlobalSection(SubversionScc) = preSolution
		Svn-Managed = True
		Manager = AnkhSVN - Subversion Support for Visual Studio
	EndGlobalSection
	GlobalSection(SolutionConfigurationPlatforms) = preSolution
		Debug|Pocket PC 2003 (ARMV4) = Debug|Pocket PC 2003 (ARMV4)
		Debug|Smartphone 2003 (ARMV4) = Debug|Smartphone 2003 (ARMV4)
		Debug|STANDARDSDK_500 (ARMV4I) = Debug|STANDARDSDK_500 (ARMV4I)
		Debug|Windows Mobile 5.0 Pocket PC SDK (ARMV4I) = Debug|Windows Mobile 5.0 Pocket PC SDK (ARMV4I)
		Debug|Windows Mobile 5.0 Smartphone SDK (ARMV4I) = Debug|Windows Mobile 5.0 Smartphone SDK (ARMV4I)
		Debug|Windows Mobile 6 Professional SDK (ARMV4I) = Debug|Windows Mobile 6 Professional SDK (ARMV4I)
		Debug|Windows Mobile 6 Standard SDK (ARMV4I) = Debug|Windows Mobile 6 Standard SDK (ARMV4I)
		Debug|Windows Mobile 6.5.3 Professional DTK (ARMV4I) = Debug|Windows Mobile 6.5.3 Professional DTK (ARMV4I)
		Release|Pocket PC 2003 (ARMV4) = Release|Pocket PC 2003 (ARMV4)
		Release|Smartphone 2003 (ARMV4) = Release|Smartphone 2003 (ARMV4)
		Release|STANDARDSDK_500 (ARMV4I) = Release|STANDARDSDK_500 (ARMV4I)
		Release|Windows Mobile 5.0 Pocket PC SDK (ARMV4I) = Release|Windows Mobile 5.0 Pocket PC SDK (ARMV4I)
		Release|Windows Mobile 5.0 Smartphone SDK (ARMV4I) = Release|Windows Mobile 5.0 Smartphone SDK (ARMV4I)
		Release|Windows Mobile 6 Professional SDK (ARMV4I) = Release|Windows Mobile 6 Professional SDK (ARMV4I)
		Release|Windows Mobile 6 Standard SDK (ARMV4I) = Release|Windows Mobile 6 Standard SDK (ARMV4I)
		Release|Windows Mobile 6.5.3 Professional DTK (ARMV4I) = Release|Windows Mobile 6.5.3 Professional DTK (ARMV4I)
	EndGlobalSection
	GlobalSection(ProjectConfigurationPlatforms) = postSolution
		{656954EB-49A9-42ED-9FC1-8230E76A3873}.Debug|Pocket PC 2003 (ARMV4).ActiveCfg = Debug|Pocket PC 2003 (ARMV4)
		{656954EB-49A9-42ED-9FC1-8230E76A3873}.Debug|Pocket PC 2003 (ARMV4).Build.0 = Debug|Pocket PC 2003 (ARMV4)
		{656954EB-49A9-42ED-9FC1-8230E76A3873}.Debug|Pocket PC 2003 (ARMV4).Deploy.0 = Debug|Pocket PC 2003 (ARMV4)
		{656954EB-49A9-42ED-9FC1-8230E76A3873}.Debug|Smartphone 2003 (ARMV4).ActiveCfg = Debug|Smartphone 2003 (ARMV4)
		{656954EB-49A9-42ED-9FC1-8230E76A3873}.Debug|Smartphone 2003 (ARMV4).Build.0 = Debug|Smartphone 2003 (ARMV4)
		{656954EB-49A9-42ED-9FC1-8230E76A3873}.Debug|Smartphone 2003 (ARMV4).Deploy.0 = Debug|Smartphone 2003 (ARMV4)
		{656954EB-49A9-42ED-9FC1-8230E76A3873}.Debug|STANDARDSDK_500 (ARMV4I).ActiveCfg = Debug|STANDARDSDK_500 (ARMV4I)
		{656954EB-49A9-42ED-9FC1-8230E76A3873}.Debug|STANDARDSDK_500 (ARMV4I).Build.0 = Debug|STANDARDSDK_500 (ARMV4I)
		{656954EB-49A9-42ED-9FC1-8230E76A3873}.Debug|STANDARDSDK_500 (ARMV4I).Deploy.0 = Debug|STANDARDSDK_500 (ARMV4I)
		{656954EB-49A9-42ED-9FC1-8230E76A3873}.Debug|Windows Mobile 5.0 Pocket PC SDK (ARMV4I).ActiveCfg = Debug|Windows Mobile 5.0 Pocket PC SDK (ARMV4I)
		{656954EB-49A9-42ED-9FC1-8230E76A3873}.Debug|Windows Mobile 5.0 Pocket PC SDK (ARMV4I).Build.0 = Debug|Windows Mobile 5.0 Pocket PC SDK (ARMV4I)
		{656954EB-49A9-42ED-9FC1-8230E76A3873}.Debug|Windows Mobile 5.0 Pocket PC SDK (ARMV4I).Deploy.0 = Debug|Windows Mobile 5.0 Pocket PC SDK (ARMV4I)
		{656954EB-49A9-42ED-9FC1-8230E76A3873}.Debug|Windows Mobile 5.0 Smartphone SDK (ARMV4I).ActiveCfg = Debug|Windows Mobile 5.0 Smartphone SDK (ARMV4I)
		{656954EB-49A9-42ED-9FC1-8230E76A3873}.Debug|Windows Mobile 5.0 Smartphone SDK (ARMV4I).Build.0 = Debug|Windows Mobile 5.0 Smartphone SDK (ARMV4I)
		{656954EB-49A9-42ED-9FC1-8230E76A3873}.Debug|Windows Mobile 5.0 Smartphone SDK (ARMV4I).Deploy.0 = Debug|Windows Mobile 5.0 Smartphone SDK (ARMV4I)
		{656954EB-49A9-42ED-9FC1-8230E76A3873}.Debug|Windows Mobile 6 Professional SDK (ARMV4I).ActiveCfg = Debug|Windows Mobile 6 Professional SDK (ARMV4I)
		{656954EB-49A9-42ED-9FC1-8230E76A3873}.Debug|Windows Mobile 6 Professional SDK (ARMV4I).Build.0 = Debug|Windows Mobile 6 Professional SDK (ARMV4I)
		{656954EB-49A9-42ED-9FC1-8230E76A3873}.Debug|Windows Mobile 6 Professional SDK (ARMV4I).Deploy.0 = Debug|Windows Mobile 6 Professional SDK (ARMV4I)
		{656954EB-49A9-42ED-9FC1-8230E76A3873}.Debug|Windows Mobile 6 Standard SDK (ARMV4I).ActiveCfg = Debug|Windows Mobile 6 Standard SDK (ARMV4I)
		{656954EB-49A9-42ED-9FC1-8230E76A3873}.Debug|Windows Mobile 6 Standard SDK (ARMV4I).Build.0 = Debug|Windows Mobile 6 Standard SDK (ARMV4I)
		{656954EB-49A9-42ED-9FC1-8230E76A3873}.Debug|Windows Mobile 6 Standard SDK (ARMV4I).Deploy.0 = Debug|Windows Mobile 6 Standard SDK (ARMV4I)
		{656954EB-49A9-42ED-9FC1-8230E76A3873}.Debug|Windows Mobile 6.5.3 Professional DTK (ARMV4I).ActiveCfg = Debug|Windows Mobile 6.5.3 Professional DTK (ARMV4I)
		{656954EB-49A9-42ED-9FC1-8230E76A3873}.Debug|Windows Mobile 6.5.3 Professional DTK (ARMV4I).Build.0 = Debug|Windows Mobile 6.5.3 Professional DTK (ARMV4I)
		{656954EB-49A9-42ED-9FC1-8230E76A3873}.Debug|Windows Mobile 6.5.3 Professional DTK (ARMV4I).Deploy.0 = Debug|Windows Mobile 6.5.3 Professional DTK (ARMV4I)
		{656954EB-49A9-42ED-9FC1-8230E76A3873}.Release|Pocket PC 2003 (ARMV4).ActiveCfg = Release|Pocket PC 2003 (ARMV4)
		{656954EB-49A9-42ED-9FC1-8230E76A3873}.Release|Pocket PC 2003 (ARMV4).Build.0 = Release|Pocket PC 2003 (ARMV4)
		{656954EB-49A9-42ED-9FC1-8230E76A3873}.Release|Pocket PC 2003 (ARMV4).Deploy.0 = Release|Pocket PC 2003 (ARMV4)
		{656954EB-49A9-42ED-9FC1-8230E76A3873}.Release|Smartphone 2003 (ARMV4).ActiveCfg = Release|Smartphone 2003 (ARMV4)
		{656954EB-49A9-42ED-9FC1-8230E76A3873}.Release|Smartphone 2003 (ARMV4).Build.0 = Release|Smartphone 2003 (ARMV4)
		{656954EB-49A9-42ED-9FC1-8230E76A3873}.Release|Smartphone 2003 (ARMV4).Deploy.0 = Release|Smartphone 2003 (ARMV4)
		{656954EB-49A9-42ED-9FC1-8230E76A3873}.Release|STANDARDSDK_500 (ARMV4I).ActiveCfg = Release|STANDARDSDK_500 (ARMV4I)
		{656954EB-49A9-42ED-9FC1-8230E76A3873}.Release|STANDARDSDK_500 (ARMV4I).Build.0 = Release|STANDARDSDK_500 (ARMV4I)
		{656954EB-49A9-42ED-9FC1-8230E76A3873}.Release|STANDARDSDK_500 (ARMV4I).Deploy.0 = Release|STANDARDSDK_500 (ARMV4I)
		{656954EB-49A9-42ED-9FC1-8230E76A3873}.Release|Windows Mobile 5.0 Pocket PC SDK (ARMV4I).ActiveCfg = Release|Windows Mobile 5.0 Pocket PC SDK (ARMV4I)
		{656954EB-49A9-42ED-9FC1-8230E76A3873}.Release|Windows Mobile 5.0 Pocket PC SDK (ARMV4I).Build.0 = Release|Windows Mobile 5.0 Pocket PC SDK (ARMV4I)
		{656954EB-49A9-42ED-9FC1-8230E76A3873}.Release|Windows Mobile 5.0 Pocket PC SDK (ARMV4I).Deploy.0 = Release|Windows Mobile 5.0 Pocket PC SDK (ARMV4I)
		{656954EB-49A9-42ED-9FC1-8230E76A3873}.Release|Windows Mobile 5.0 Smartphone SDK (ARMV4I).ActiveCfg = Release|Windows Mobile 5.0 Smartphone SDK (ARMV4I)
		{656954EB-49A9-42ED-9FC1-8230E76A3873}.Release|Windows Mobile 5.0 Smartphone SDK (ARMV4I).Build.0 = Release|Windows Mobile 5.0 Smartphone SDK (ARMV4I)
		{656954EB-49A9-42ED-9FC1-8230E76A3873}.Release|Windows Mobile 5.0 Smartphone SDK (ARMV4I).Deploy.0 = Release|Windows Mobile 5.0 Smartphone SDK (ARMV4I)
		{656954EB-49A9-42ED-9FC1-8230E76A3873}.Release|Windows Mobile 6 Professional SDK (ARMV4I).ActiveCfg = Release|Windows Mobile 6 Professional SDK (ARMV4I)
		{656954EB-49A9-42ED-9FC1-8230E76A3873}.Release|Windows Mobile 6 Professional SDK (ARMV4I).Build.0 = Release|Windows Mobile 6 Professional SDK (ARMV4I)
		{656954EB-49A9-42ED-9FC1-8230E76A3873}.Release|Windows Mobile 6 Professional SDK (ARMV4I).Deploy.0 = Release|Windows Mobile 6 Professional SDK (ARMV4I)
		{656954EB-49A9-42ED-9FC1-8230E76A3873}.Release|Windows Mobile 6 Standard SDK (ARMV4I).ActiveCfg = Release|Windows Mobile 6 Standard SDK (ARMV4I)
		{656954EB-49A9-42ED-9FC1-8230E76A3873}.Release|Windows Mobile 6 Standard SDK (ARMV4I).Build.0 = Release|Windows Mobile 6 Standard SDK (ARMV4I)
		{656954EB-49A9-42ED-9FC1-8230E76A3873}.Release|Windows Mobile 6 Standard SDK (ARMV4I).Deploy.0 = Release|Windows Mobile 6 Standard SDK (ARMV4I)
		{656954EB-49A9-42ED-9FC1-8230E76A3873}.Release|Windows Mobile 6.5.3 Professional DTK (ARMV4I).ActiveCfg = Release|Windows Mobile 6.5.3 Professional DTK (ARMV4I)
		{656954EB-49A9-42ED-9FC1-8230E76A3873}.Release|Windows Mobile 6.5.3 Professional DTK (ARMV4I).Build.0 = Release|Windows Mobile 6.5.3 Professional DTK (ARMV4I)
		{656954EB-49A9-42ED-9FC1-8230E76A3873}.Release|Windows Mobile 6.5.3 Professional DTK (ARMV4I).Deploy.0 = Release|Windows Mobile 6.5.3 Professional DTK (ARMV4I)
	EndGlobalSection
	GlobalSection(SolutionProperties) = preSolution
		HideSolutionNode = FALSE
	EndGlobalSection
EndGlobal
